Microsoft Visual Studio Solution File, Format Version 12.00
# Visual Studio Version 18
VisualStudioVersion = 18.1.11312.151
MinimumVisualStudioVersion = 10.0.40219.1
Project("{FAE04EC0-301F-11D3-BF4B-00C04F79EFBC}") = "endpointsInterface", "endpointsInterface\endpointsInterface.csproj", "{337F1656-9E49-266D-1204-F8A250171771}"
EndProject
Project("{FAE04EC0-301F-11D3-BF4B-00C04F79EFBC}") = "servicoUsuarios", "servicoUsuarios\servicoUsuarios.csproj", "{36036253-AA97-C7FD-0117-C7D5C7B7C1D6}"
EndProject
Global
	GlobalSection(SolutionConfigurationPlatforms) = preSolution
		Debug|Any CPU = Debug|Any CPU
		Release|Any CPU = Release|Any CPU
	EndGlobalSection
	GlobalSection(ProjectConfigurationPlatforms) = postSolution
		{337F1656-9E49-266D-1204-F8A250171771}.Debug|Any CPU.ActiveCfg = Debug|Any CPU
		{337F1656-9E49-266D-1204-F8A250171771}.Debug|Any CPU.Build.0 = Debug|Any CPU
		{337F1656-9E49-266D-1204-F8A250171771}.Release|Any CPU.ActiveCfg = Release|Any CPU
		{337F1656-9E49-266D-1204-F8A250171771}.Release|Any CPU.Build.0 = Release|Any CPU
		{36036253-AA97-C7FD-0117-C7D5C7B7C1D6}.Debug|Any CPU.ActiveCfg = Debug|Any CPU
		{36036253-AA97-C7FD-0117-C7D5C7B7C1D6}.Debug|Any CPU.Build.0 = Debug|Any CPU
		{36036253-AA97-C7FD-0117-C7D5C7B7C1D6}.Release|Any CPU.ActiveCfg = Release|Any CPU
		{36036253-AA97-C7FD-0117-C7D5C7B7C1D6}.Release|Any CPU.Build.0 = Release|Any CPU
	EndGlobalSection
	GlobalSection(SolutionProperties) = preSolution
		HideSolutionNode = FALSE
	EndGlobalSection
	GlobalSection(ExtensibilityGlobals) = postSolution
		SolutionGuid = {E39235B9-5A3D-4D54-BACA-94BCAEF8B524}
	EndGlobalSection
EndGlobal
